
Microsoft Visual Studio Solution File, Format Version 12.00
# Visual Studio Version 17
VisualStudioVersion = 17.10.35013.160
MinimumVisualStudioVersion = 10.0.40219.1
Project("{54A90642-561A-4BB1-A94E-469ADEE60C69}") = "Example.React", "Example.React\Example.React.esproj", "{EB469D54-82AB-44A7-ABBB-0E88CC07BFE3}"
EndProject
Project("{9A19103F-16F7-4668-BE54-9A1E7A4F7556}") = "Example.API", "Example.API\Example.API.csproj", "{6940994B-3C93-45FB-8E7B-B61F0D1D1EEE}"
EndProject
Project("{9A19103F-16F7-4668-BE54-9A1E7A4F7556}") = "Example.Domen", "Example.Domen\Example.Domen.csproj", "{DFC78CCC-022C-4166-A0C4-509303C5797C}"
EndProject
Project("{9A19103F-16F7-4668-BE54-9A1E7A4F7556}") = "Example.Application", "Example.Application\Example.Application.csproj", "{67682200-C054-4992-B4C4-BA0F6ADB67E1}"
EndProject
Project("{9A19103F-16F7-4668-BE54-9A1E7A4F7556}") = "Example.Infrastructure", "Example.Infrastructure\Example.Infrastructure.csproj", "{604DE3DD-CAD7-4EE2-9AF5-2E38630C1B21}"
EndProject
Project("{E24C65DC-7377-472B-9ABA-BC803B73C61A}") = "Example.Angular", "..\Example.Angular\", "{6964448A-2804-4077-92C0-79E8D7FD05DC}"
	ProjectSection(WebsiteProperties) = preProject
		TargetFrameworkMoniker = ".NETFramework,Version%3Dv4.0"
		Debug.AspNetCompiler.VirtualPath = "/localhost_65263"
		Debug.AspNetCompiler.PhysicalPath = "..\Example.Angular\"
		Debug.AspNetCompiler.TargetPath = "PrecompiledWeb\localhost_65263\"
		Debug.AspNetCompiler.Updateable = "true"
		Debug.AspNetCompiler.ForceOverwrite = "true"
		Debug.AspNetCompiler.FixedNames = "false"
		Debug.AspNetCompiler.Debug = "True"
		Release.AspNetCompiler.VirtualPath = "/localhost_65263"
		Release.AspNetCompiler.PhysicalPath = "..\Example.Angular\"
		Release.AspNetCompiler.TargetPath = "PrecompiledWeb\localhost_65263\"
		Release.AspNetCompiler.Updateable = "true"
		Release.AspNetCompiler.ForceOverwrite = "true"
		Release.AspNetCompiler.FixedNames = "false"
		Release.AspNetCompiler.Debug = "False"
		VWDPort = "65263"
		SlnRelativePath = "..\Example.Angular\"
	EndProjectSection
EndProject
Project("{E53339B2-1760-4266-BCC7-CA923CBCF16C}") = "docker-compose", "docker-compose.dcproj", "{48334191-87E4-4E92-9CEA-F333E1BC5CDE}"
EndProject
Global
	GlobalSection(SolutionConfigurationPlatforms) = preSolution
		Debug|Any CPU = Debug|Any CPU
		Release|Any CPU = Release|Any CPU
	EndGlobalSection
	GlobalSection(ProjectConfigurationPlatforms) = postSolution
		{EB469D54-82AB-44A7-ABBB-0E88CC07BFE3}.Debug|Any CPU.ActiveCfg = Debug|Any CPU
		{EB469D54-82AB-44A7-ABBB-0E88CC07BFE3}.Debug|Any CPU.Build.0 = Debug|Any CPU
		{EB469D54-82AB-44A7-ABBB-0E88CC07BFE3}.Debug|Any CPU.Deploy.0 = Debug|Any CPU
		{EB469D54-82AB-44A7-ABBB-0E88CC07BFE3}.Release|Any CPU.ActiveCfg = Release|Any CPU
		{EB469D54-82AB-44A7-ABBB-0E88CC07BFE3}.Release|Any CPU.Build.0 = Release|Any CPU
		{EB469D54-82AB-44A7-ABBB-0E88CC07BFE3}.Release|Any CPU.Deploy.0 = Release|Any CPU
		{6940994B-3C93-45FB-8E7B-B61F0D1D1EEE}.Debug|Any CPU.ActiveCfg = Debug|Any CPU
		{6940994B-3C93-45FB-8E7B-B61F0D1D1EEE}.Debug|Any CPU.Build.0 = Debug|Any CPU
		{6940994B-3C93-45FB-8E7B-B61F0D1D1EEE}.Release|Any CPU.ActiveCfg = Release|Any CPU
		{6940994B-3C93-45FB-8E7B-B61F0D1D1EEE}.Release|Any CPU.Build.0 = Release|Any CPU
		{DFC78CCC-022C-4166-A0C4-509303C5797C}.Debug|Any CPU.ActiveCfg = Debug|Any CPU
		{DFC78CCC-022C-4166-A0C4-509303C5797C}.Debug|Any CPU.Build.0 = Debug|Any CPU
		{DFC78CCC-022C-4166-A0C4-509303C5797C}.Release|Any CPU.ActiveCfg = Release|Any CPU
		{DFC78CCC-022C-4166-A0C4-509303C5797C}.Release|Any CPU.Build.0 = Release|Any CPU
		{67682200-C054-4992-B4C4-BA0F6ADB67E1}.Debug|Any CPU.ActiveCfg = Debug|Any CPU
		{67682200-C054-4992-B4C4-BA0F6ADB67E1}.Debug|Any CPU.Build.0 = Debug|Any CPU
		{67682200-C054-4992-B4C4-BA0F6ADB67E1}.Release|Any CPU.ActiveCfg = Release|Any CPU
		{67682200-C054-4992-B4C4-BA0F6ADB67E1}.Release|Any CPU.Build.0 = Release|Any CPU
		{604DE3DD-CAD7-4EE2-9AF5-2E38630C1B21}.Debug|Any CPU.ActiveCfg = Debug|Any CPU
		{604DE3DD-CAD7-4EE2-9AF5-2E38630C1B21}.Debug|Any CPU.Build.0 = Debug|Any CPU
		{604DE3DD-CAD7-4EE2-9AF5-2E38630C1B21}.Release|Any CPU.ActiveCfg = Release|Any CPU
		{604DE3DD-CAD7-4EE2-9AF5-2E38630C1B21}.Release|Any CPU.Build.0 = Release|Any CPU
		{6964448A-2804-4077-92C0-79E8D7FD05DC}.Debug|Any CPU.ActiveCfg = Debug|Any CPU
		{6964448A-2804-4077-92C0-79E8D7FD05DC}.Debug|Any CPU.Build.0 = Debug|Any CPU
		{6964448A-2804-4077-92C0-79E8D7FD05DC}.Release|Any CPU.ActiveCfg = Debug|Any CPU
		{6964448A-2804-4077-92C0-79E8D7FD05DC}.Release|Any CPU.Build.0 = Debug|Any CPU
		{48334191-87E4-4E92-9CEA-F333E1BC5CDE}.Debug|Any CPU.ActiveCfg = Debug|Any CPU
		{48334191-87E4-4E92-9CEA-F333E1BC5CDE}.Debug|Any CPU.Build.0 = Debug|Any CPU
		{48334191-87E4-4E92-9CEA-F333E1BC5CDE}.Release|Any CPU.ActiveCfg = Release|Any CPU
		{48334191-87E4-4E92-9CEA-F333E1BC5CDE}.Release|Any CPU.Build.0 = Release|Any CPU
	EndGlobalSection
	GlobalSection(SolutionProperties) = preSolution
		HideSolutionNode = FALSE
	EndGlobalSection
	GlobalSection(ExtensibilityGlobals) = postSolution
		SolutionGuid = {3938944C-8D58-4F87-9243-1F3ADD5F5C0F}
	EndGlobalSection
EndGlobal
